
Microsoft Visual Studio Solution File, Format Version 12.00
# Visual Studio Version 17
VisualStudioVersion = 17.14.36414.22
MinimumVisualStudioVersion = 10.0.40219.1
Project("{2150E333-8FDC-42A3-9474-1A3956D46DE8}") = "Task0", "Task0", "{02EA681E-C7D8-13C7-8484-4AC65E1B71E8}"
EndProject
Project("{FAE04EC0-301F-11D3-BF4B-00C04F79EFBC}") = "Tyuiu.MitrofanovaPV.Sprint0.Task0.V0", "Tyuiu.MitrofanovaPV.Sprint0.Task0.V0\Tyuiu.MitrofanovaPV.Sprint0.Task0.V0.csproj", "{1168FB74-4E67-4CA1-BA5D-731D7442FD54}"
EndProject
Project("{2150E333-8FDC-42A3-9474-1A3956D46DE8}") = "Task1", "Task1", "{E2EABFF7-92A7-4761-9977-547B69F01AA4}"
EndProject
Project("{FAE04EC0-301F-11D3-BF4B-00C04F79EFBC}") = "Tyuiu.MitrofanovaPV.Sprint0.Task1.V0", "Tyuiu.MitrofanovaPV.Sprint0.Task1.V0\Tyuiu.MitrofanovaPV.Sprint0.Task1.V0.csproj", "{B1521073-FDF8-499B-A25A-F48030C096DF}"
EndProject
Project("{2150E333-8FDC-42A3-9474-1A3956D46DE8}") = "Task2", "Task2", "{0D4A7865-E970-4858-9D23-7FE024182136}"
EndProject
Project("{FAE04EC0-301F-11D3-BF4B-00C04F79EFBC}") = "Tyuiu.MitrofanovaPV.Sprint0.Task2.V0", "Tyuiu.MitrofanovaPV.Sprint0.Task2.V0\Tyuiu.MitrofanovaPV.Sprint0.Task2.V0.csproj", "{E5C8CF7C-D8F3-4E5B-AAD5-5566AD4DD005}"
EndProject
Project("{FAE04EC0-301F-11D3-BF4B-00C04F79EFBC}") = "Tyuiu.MitrofanovaPV.Sprint0.Task2.V0.Lib", "Tyuiu.MitrofanovaPV.Sprint0.Task2.V0.Lib\Tyuiu.MitrofanovaPV.Sprint0.Task2.V0.Lib.csproj", "{66459EA6-FB15-4C9E-888D-4FC0C46115AE}"
EndProject
Project("{FAE04EC0-301F-11D3-BF4B-00C04F79EFBC}") = "Tyuiu.MitrofanovaPV.Sprint0.Task2.V0.Test", "Tyuiu.MitrofanovaPV.Sprint0.Task2.V0.Test\Tyuiu.MitrofanovaPV.Sprint0.Task2.V0.Test.csproj", "{44B3F9AD-F83A-4885-A3B5-620CDCF3D1EC}"
EndProject
Project("{2150E333-8FDC-42A3-9474-1A3956D46DE8}") = "Task3", "Task3", "{B4A72911-E519-40C4-AF2E-6449A0CE1E95}"
EndProject
Project("{FAE04EC0-301F-11D3-BF4B-00C04F79EFBC}") = "Tyuiu.MitrofanovaPV.Sprint0.Task3.V0", "Tyuiu.MitrofanovaPV.Sprint0.Task3.V0\Tyuiu.MitrofanovaPV.Sprint0.Task3.V0.csproj", "{E88F674D-1826-4949-B3B2-DE5894AD4ACD}"
EndProject
Project("{FAE04EC0-301F-11D3-BF4B-00C04F79EFBC}") = "Tyuiu.MitrofanovaPV.Sprint0.Task3.V0.Test", "Tyuiu.MitrofanovaPV.Sprint0.Task3.V0.Test\Tyuiu.MitrofanovaPV.Sprint0.Task3.V0.Test.csproj", "{9B70D01F-1B6F-4E32-BAF4-CEEDEAEEBA00}"
EndProject
Project("{FAE04EC0-301F-11D3-BF4B-00C04F79EFBC}") = "Tyuiu.MitrofanovaPV.Sprint0.Task3.V0.Lib", "Tyuiu.MitrofanovaPV.Sprint0.Task3.V0.Lib\Tyuiu.MitrofanovaPV.Sprint0.Task3.V0.Lib.csproj", "{B4A9A564-39E2-410E-8BF6-1B7E8AE89F2A}"
EndProject
Project("{2150E333-8FDC-42A3-9474-1A3956D46DE8}") = "Task4", "Task4", "{EBB7FC53-29EB-4958-9FD1-5996E59DD1E1}"
EndProject
Project("{FAE04EC0-301F-11D3-BF4B-00C04F79EFBC}") = "Tyuiu.MitrofanovaPV.Sprint0.Task4.V0", "Tyuiu.MitrofanovaPV.Sprint0.Task4.V0\Tyuiu.MitrofanovaPV.Sprint0.Task4.V0.csproj", "{E3212DB5-8C49-4A3B-8857-A6EAE59F9A54}"
EndProject
Project("{FAE04EC0-301F-11D3-BF4B-00C04F79EFBC}") = "Tyuiu.MitrofanovaPV.Sprint0.Task4.V0.Lib", "Tyuiu.MitrofanovaPV.Sprint0.Task4.V0.Lib\Tyuiu.MitrofanovaPV.Sprint0.Task4.V0.Lib.csproj", "{CF464935-D380-4AD9-97D4-E1EF1AE4C447}"
EndProject
Project("{FAE04EC0-301F-11D3-BF4B-00C04F79EFBC}") = "Tyuiu.MitrofanovaPV.Sprint0.Task4.V0.Test", "Tyuiu.MitrofanovaPV.Sprint0.Task4.V0.Test\Tyuiu.MitrofanovaPV.Sprint0.Task4.V0.Test.csproj", "{621011B7-FA18-4EDF-AE3A-A34EB534B2D9}"
EndProject
Project("{2150E333-8FDC-42A3-9474-1A3956D46DE8}") = "Task5", "Task5", "{3C6D59F9-16C2-47FF-B7A1-747C66B2DC9F}"
EndProject
Project("{FAE04EC0-301F-11D3-BF4B-00C04F79EFBC}") = "Tyuiu.MitrofanovaPV.Sprint0.Task5.V0", "Tyuiu.MitrofanovaPV.Sprint0.Task5.V0\Tyuiu.MitrofanovaPV.Sprint0.Task5.V0.csproj", "{9903E790-34A2-4EFC-AE97-CCAA253DAEC4}"
EndProject
Project("{FAE04EC0-301F-11D3-BF4B-00C04F79EFBC}") = "Tyuiu.MitrofanovaPV.Sprint0.Task5.V0.Test", "Tyuiu.MitrofanovaPV.Sprint0.Task5.V0.Test\Tyuiu.MitrofanovaPV.Sprint0.Task5.V0.Test.csproj", "{E7573C78-FF44-4666-9171-E62ACF5E3B64}"
EndProject
Project("{FAE04EC0-301F-11D3-BF4B-00C04F79EFBC}") = "Tyuiu.MitrofanovaPV.Sprint0.Task5.V0.Lib", "Tyuiu.MitrofanovaPV.Sprint0.Task5.V0.Lib\Tyuiu.MitrofanovaPV.Sprint0.Task5.V0.Lib.csproj", "{09123629-81AE-49C4-96A9-A74AA1B9FDEA}"
EndProject
Global
	GlobalSection(SolutionConfigurationPlatforms) = preSolution
		Debug|Any CPU = Debug|Any CPU
		Release|Any CPU = Release|Any CPU
	EndGlobalSection
	GlobalSection(ProjectConfigurationPlatforms) = postSolution
		{1168FB74-4E67-4CA1-BA5D-731D7442FD54}.Debug|Any CPU.ActiveCfg = Debug|Any CPU
		{1168FB74-4E67-4CA1-BA5D-731D7442FD54}.Debug|Any CPU.Build.0 = Debug|Any CPU
		{1168FB74-4E67-4CA1-BA5D-731D7442FD54}.Release|Any CPU.ActiveCfg = Release|Any CPU
		{1168FB74-4E67-4CA1-BA5D-731D7442FD54}.Release|Any CPU.Build.0 = Release|Any CPU
		{B1521073-FDF8-499B-A25A-F48030C096DF}.Debug|Any CPU.ActiveCfg = Debug|Any CPU
		{B1521073-FDF8-499B-A25A-F48030C096DF}.Debug|Any CPU.Build.0 = Debug|Any CPU
		{B1521073-FDF8-499B-A25A-F48030C096DF}.Release|Any CPU.ActiveCfg = Release|Any CPU
		{B1521073-FDF8-499B-A25A-F48030C096DF}.Release|Any CPU.Build.0 = Release|Any CPU
		{E5C8CF7C-D8F3-4E5B-AAD5-5566AD4DD005}.Debug|Any CPU.ActiveCfg = Debug|Any CPU
		{E5C8CF7C-D8F3-4E5B-AAD5-5566AD4DD005}.Debug|Any CPU.Build.0 = Debug|Any CPU
		{E5C8CF7C-D8F3-4E5B-AAD5-5566AD4DD005}.Release|Any CPU.ActiveCfg = Release|Any CPU
		{E5C8CF7C-D8F3-4E5B-AAD5-5566AD4DD005}.Release|Any CPU.Build.0 = Release|Any CPU
		{66459EA6-FB15-4C9E-888D-4FC0C46115AE}.Debug|Any CPU.ActiveCfg = Debug|Any CPU
		{66459EA6-FB15-4C9E-888D-4FC0C46115AE}.Debug|Any CPU.Build.0 = Debug|Any CPU
		{66459EA6-FB15-4C9E-888D-4FC0C46115AE}.Release|Any CPU.ActiveCfg = Release|Any CPU
		{66459EA6-FB15-4C9E-888D-4FC0C46115AE}.Release|Any CPU.Build.0 = Release|Any CPU
		{44B3F9AD-F83A-4885-A3B5-620CDCF3D1EC}.Debug|Any CPU.ActiveCfg = Debug|Any CPU
		{44B3F9AD-F83A-4885-A3B5-620CDCF3D1EC}.Debug|Any CPU.Build.0 = Debug|Any CPU
		{44B3F9AD-F83A-4885-A3B5-620CDCF3D1EC}.Release|Any CPU.ActiveCfg = Release|Any CPU
		{44B3F9AD-F83A-4885-A3B5-620CDCF3D1EC}.Release|Any CPU.Build.0 = Release|Any CPU
		{E88F674D-1826-4949-B3B2-DE5894AD4ACD}.Debug|Any CPU.ActiveCfg = Debug|Any CPU
		{E88F674D-1826-4949-B3B2-DE5894AD4ACD}.Debug|Any CPU.Build.0 = Debug|Any CPU
		{E88F674D-1826-4949-B3B2-DE5894AD4ACD}.Release|Any CPU.ActiveCfg = Release|Any CPU
		{E88F674D-1826-4949-B3B2-DE5894AD4ACD}.Release|Any CPU.Build.0 = Release|Any CPU
		{9B70D01F-1B6F-4E32-BAF4-CEEDEAEEBA00}.Debug|Any CPU.ActiveCfg = Debug|Any CPU
		{9B70D01F-1B6F-4E32-BAF4-CEEDEAEEBA00}.Debug|Any CPU.Build.0 = Debug|Any CPU
		{9B70D01F-1B6F-4E32-BAF4-CEEDEAEEBA00}.Release|Any CPU.ActiveCfg = Release|Any CPU
		{9B70D01F-1B6F-4E32-BAF4-CEEDEAEEBA00}.Release|Any CPU.Build.0 = Release|Any CPU
		{B4A9A564-39E2-410E-8BF6-1B7E8AE89F2A}.Debug|Any CPU.ActiveCfg = Debug|Any CPU
		{B4A9A564-39E2-410E-8BF6-1B7E8AE89F2A}.Debug|Any CPU.Build.0 = Debug|Any CPU
		{B4A9A564-39E2-410E-8BF6-1B7E8AE89F2A}.Release|Any CPU.ActiveCfg = Release|Any CPU
		{B4A9A564-39E2-410E-8BF6-1B7E8AE89F2A}.Release|Any CPU.Build.0 = Release|Any CPU
		{E3212DB5-8C49-4A3B-8857-A6EAE59F9A54}.Debug|Any CPU.ActiveCfg = Debug|Any CPU
		{E3212DB5-8C49-4A3B-8857-A6EAE59F9A54}.Debug|Any CPU.Build.0 = Debug|Any CPU
		{E3212DB5-8C49-4A3B-8857-A6EAE59F9A54}.Release|Any CPU.ActiveCfg = Release|Any CPU
		{E3212DB5-8C49-4A3B-8857-A6EAE59F9A54}.Release|Any CPU.Build.0 = Release|Any CPU
		{CF464935-D380-4AD9-97D4-E1EF1AE4C447}.Debug|Any CPU.ActiveCfg = Debug|Any CPU
		{CF464935-D380-4AD9-97D4-E1EF1AE4C447}.Debug|Any CPU.Build.0 = Debug|Any CPU
		{CF464935-D380-4AD9-97D4-E1EF1AE4C447}.Release|Any CPU.ActiveCfg = Release|Any CPU
		{CF464935-D380-4AD9-97D4-E1EF1AE4C447}.Release|Any CPU.Build.0 = Release|Any CPU
		{621011B7-FA18-4EDF-AE3A-A34EB534B2D9}.Debug|Any CPU.ActiveCfg = Debug|Any CPU
		{621011B7-FA18-4EDF-AE3A-A34EB534B2D9}.Debug|Any CPU.Build.0 = Debug|Any CPU
		{621011B7-FA18-4EDF-AE3A-A34EB534B2D9}.Release|Any CPU.ActiveCfg = Release|Any CPU
		{621011B7-FA18-4EDF-AE3A-A34EB534B2D9}.Release|Any CPU.Build.0 = Release|Any CPU
		{9903E790-34A2-4EFC-AE97-CCAA253DAEC4}.Debug|Any CPU.ActiveCfg = Debug|Any CPU
		{9903E790-34A2-4EFC-AE97-CCAA253DAEC4}.Debug|Any CPU.Build.0 = Debug|Any CPU
		{9903E790-34A2-4EFC-AE97-CCAA253DAEC4}.Release|Any CPU.ActiveCfg = Release|Any CPU
		{9903E790-34A2-4EFC-AE97-CCAA253DAEC4}.Release|Any CPU.Build.0 = Release|Any CPU
		{E7573C78-FF44-4666-9171-E62ACF5E3B64}.Debug|Any CPU.ActiveCfg = Debug|Any CPU
		{E7573C78-FF44-4666-9171-E62ACF5E3B64}.Debug|Any CPU.Build.0 = Debug|Any CPU
		{E7573C78-FF44-4666-9171-E62ACF5E3B64}.Release|Any CPU.ActiveCfg = Release|Any CPU
		{E7573C78-FF44-4666-9171-E62ACF5E3B64}.Release|Any CPU.Build.0 = Release|Any CPU
		{09123629-81AE-49C4-96A9-A74AA1B9FDEA}.Debug|Any CPU.ActiveCfg = Debug|Any CPU
		{09123629-81AE-49C4-96A9-A74AA1B9FDEA}.Debug|Any CPU.Build.0 = Debug|Any CPU
		{09123629-81AE-49C4-96A9-A74AA1B9FDEA}.Release|Any CPU.ActiveCfg = Release|Any CPU
		{09123629-81AE-49C4-96A9-A74AA1B9FDEA}.Release|Any CPU.Build.0 = Release|Any CPU
	EndGlobalSection
	GlobalSection(SolutionProperties) = preSolution
		HideSolutionNode = FALSE
	EndGlobalSection
	GlobalSection(NestedProjects) = preSolution
		{1168FB74-4E67-4CA1-BA5D-731D7442FD54} = {02EA681E-C7D8-13C7-8484-4AC65E1B71E8}
		{B1521073-FDF8-499B-A25A-F48030C096DF} = {E2EABFF7-92A7-4761-9977-547B69F01AA4}
		{E5C8CF7C-D8F3-4E5B-AAD5-5566AD4DD005} = {0D4A7865-E970-4858-9D23-7FE024182136}
		{66459EA6-FB15-4C9E-888D-4FC0C46115AE} = {0D4A7865-E970-4858-9D23-7FE024182136}
		{44B3F9AD-F83A-4885-A3B5-620CDCF3D1EC} = {0D4A7865-E970-4858-9D23-7FE024182136}
		{E88F674D-1826-4949-B3B2-DE5894AD4ACD} = {B4A72911-E519-40C4-AF2E-6449A0CE1E95}
		{9B70D01F-1B6F-4E32-BAF4-CEEDEAEEBA00} = {B4A72911-E519-40C4-AF2E-6449A0CE1E95}
		{B4A9A564-39E2-410E-8BF6-1B7E8AE89F2A} = {B4A72911-E519-40C4-AF2E-6449A0CE1E95}
		{E3212DB5-8C49-4A3B-8857-A6EAE59F9A54} = {EBB7FC53-29EB-4958-9FD1-5996E59DD1E1}
		{CF464935-D380-4AD9-97D4-E1EF1AE4C447} = {EBB7FC53-29EB-4958-9FD1-5996E59DD1E1}
		{621011B7-FA18-4EDF-AE3A-A34EB534B2D9} = {EBB7FC53-29EB-4958-9FD1-5996E59DD1E1}
		{9903E790-34A2-4EFC-AE97-CCAA253DAEC4} = {3C6D59F9-16C2-47FF-B7A1-747C66B2DC9F}
		{E7573C78-FF44-4666-9171-E62ACF5E3B64} = {3C6D59F9-16C2-47FF-B7A1-747C66B2DC9F}
		{09123629-81AE-49C4-96A9-A74AA1B9FDEA} = {3C6D59F9-16C2-47FF-B7A1-747C66B2DC9F}
	EndGlobalSection
	GlobalSection(ExtensibilityGlobals) = postSolution
		SolutionGuid = {1C47CD36-DA7D-46D9-8A86-E43E590672D4}
	EndGlobalSection
EndGlobal
